#MicroXplorer Configuration settings - do not modify
CAD.formats=
CAD.pinconfig=
CAD.provider=
CORTEX_M7.IPParameters=default_mode_Activation
CORTEX_M7.default_mode_Activation=1
FREERTOS.FootprintOK=true
FREERTOS.IPParameters=Tasks01,configUSE_STATS_FORMATTING_FUNCTIONS,configGENERATE_RUN_TIME_STATS,FootprintOK,configUSE_APPLICATION_TASK_TAG,configRECORD_STACK_HIGH_ADDRESS
FREERTOS.Tasks01=start,24,256,system_start,Default,NULL,Dynamic,NULL,NULL
FREERTOS.configGENERATE_RUN_TIME_STATS=1
FREERTOS.configRECORD_STACK_HIGH_ADDRESS=1
FREERTOS.configUSE_APPLICATION_TASK_TAG=1
FREERTOS.configUSE_STATS_FORMATTING_FUNCTIONS=1
File.Version=6
GPIO.groupedBy=Group By Peripherals
I2C1.IPParameters=Timing,Timeout,SMBusPacketErrorCheckMode,SMBusOwnAddress
I2C1.IPParametersWithoutCheck=SMBusOwnAddress
I2C1.SMBusOwnAddress=smbus_slave_addr()
I2C1.SMBusPacketErrorCheckMode=SMBUS_PEC_ENABLE
I2C1.Timeout=0x000085B8
I2C1.Timing=0x307075B1
KeepUserPlacement=false
MMTAppRegionsCount=0
MMTConfigApplied=false
Mcu.CPN=STM32H743ZIT6
Mcu.Family=STM32H7
Mcu.IP0=CORTEX_M7
Mcu.IP1=FREERTOS
Mcu.IP2=I2C1
Mcu.IP3=MEMORYMAP
Mcu.IP4=NVIC
Mcu.IP5=RCC
Mcu.IP6=SYS
Mcu.IP7=USART3
Mcu.IPNb=8
Mcu.Name=STM32H743ZITx
Mcu.Package=LQFP144
Mcu.Pin0=PC13
Mcu.Pin1=PH0-OSC_IN (PH0)
Mcu.Pin10=VP_FREERTOS_VS_CMSIS_V2
Mcu.Pin11=VP_SYS_VS_Systick
Mcu.Pin12=VP_MEMORYMAP_VS_MEMORYMAP
Mcu.Pin2=PB0
Mcu.Pin3=PB14
Mcu.Pin4=PD8
Mcu.Pin5=PD9
Mcu.Pin6=PB5
Mcu.Pin7=PB8
Mcu.Pin8=PB9
Mcu.Pin9=PE1
Mcu.PinsNb=13
Mcu.ThirdPartyNb=0
Mcu.UserConstants=
Mcu.UserName=STM32H743ZITx
MxCube.Version=6.13.0
MxDb.Version=DB.6.0.130
NVIC.BusFault_IRQn=true\:0\:0\:false\:false\:true\:false\:false\:false\:false
NVIC.DebugMonitor_IRQn=true\:0\:0\:false\:false\:true\:false\:false\:false\:false
NVIC.ForceEnableDMAVector=true
NVIC.HardFault_IRQn=true\:0\:0\:false\:false\:true\:false\:false\:false\:false
NVIC.I2C1_ER_IRQn=true\:5\:0\:false\:false\:true\:true\:true\:false\:true
NVIC.I2C1_EV_IRQn=true\:5\:0\:false\:false\:true\:true\:true\:false\:true
NVIC.MemoryManagement_IRQn=true\:0\:0\:false\:false\:true\:false\:false\:false\:false
NVIC.NonMaskableInt_IRQn=true\:0\:0\:false\:false\:true\:false\:false\:false\:false
NVIC.PendSV_IRQn=true\:15\:0\:false\:false\:false\:true\:false\:false\:false
NVIC.PriorityGroup=NVIC_PRIORITYGROUP_4
NVIC.SVCall_IRQn=true\:0\:0\:false\:false\:false\:false\:false\:false\:false
NVIC.SavedPendsvIrqHandlerGenerated=true
NVIC.SavedSvcallIrqHandlerGenerated=true
NVIC.SavedSystickIrqHandlerGenerated=true
NVIC.SysTick_IRQn=true\:15\:0\:false\:false\:true\:true\:false\:true\:false
NVIC.UsageFault_IRQn=true\:0\:0\:false\:false\:true\:false\:false\:false\:false
PB0.GPIOParameters=PinState,GPIO_Label
PB0.GPIO_Label=GREEN_LED
PB0.Locked=true
PB0.PinState=GPIO_PIN_RESET
PB0.Signal=GPIO_Output
PB14.GPIOParameters=PinState,GPIO_Label
PB14.GPIO_Label=RED_LED
PB14.Locked=true
PB14.PinState=GPIO_PIN_RESET
PB14.Signal=GPIO_Output
PB5.Mode=SMBus-Alert-mode
PB5.Signal=I2C1_SMBA
PB8.GPIOParameters=GPIO_Speed,GPIO_Pu
PB8.GPIO_Pu=GPIO_PULLUP
PB8.GPIO_Speed=GPIO_SPEED_FREQ_VERY_HIGH
PB8.Locked=true
PB8.Mode=SMBus-Alert-mode
PB8.Signal=I2C1_SCL
PB9.GPIOParameters=GPIO_Speed,GPIO_Pu
PB9.GPIO_Pu=GPIO_PULLUP
PB9.GPIO_Speed=GPIO_SPEED_FREQ_VERY_HIGH
PB9.Locked=true
PB9.Mode=SMBus-Alert-mode
PB9.Signal=I2C1_SDA
PC13.GPIOParameters=GPIO_Label
PC13.GPIO_Label=BUTTON
PC13.Locked=true
PC13.Signal=GPIO_Input
PD8.Locked=true
PD8.Mode=Asynchronous
PD8.Signal=USART3_TX
PD9.Locked=true
PD9.Mode=Asynchronous
PD9.Signal=USART3_RX
PE1.GPIOParameters=PinState,GPIO_Label
PE1.GPIO_Label=YELLOW_LED
PE1.Locked=true
PE1.PinState=GPIO_PIN_RESET
PE1.Signal=GPIO_Output
PH0-OSC_IN\ (PH0).Mode=HSE-External-Clock-Source
PH0-OSC_IN\ (PH0).Signal=RCC_OSC_IN
PinOutPanel.RotationAngle=0
ProjectManager.AskForMigrate=true
ProjectManager.BackupPrevious=false
ProjectManager.CompilerOptimize=6
ProjectManager.ComputerToolchain=false
ProjectManager.CoupleFile=true
ProjectManager.CustomerFirmwarePackage=../../STM32Cube/Repository/STM32CubeH7
ProjectManager.DefaultFWLocation=false
ProjectManager.DeletePrevious=true
ProjectManager.DeviceId=STM32H743ZITx
ProjectManager.FirmwarePackage=STM32Cube FW_H7 V1.12.0
ProjectManager.FreePins=false
ProjectManager.HalAssertFull=false
ProjectManager.HeapSize=0x2000
ProjectManager.KeepUserCode=true
ProjectManager.LastFirmware=true
ProjectManager.LibraryCopy=1
ProjectManager.MainLocation=Core/Src
ProjectManager.NoMain=false
ProjectManager.PreviousToolchain=
ProjectManager.ProjectBuild=false
ProjectManager.ProjectFileName=pmbus_device_h7.ioc
ProjectManager.ProjectName=pmbus_device_h7
ProjectManager.ProjectStructure=
ProjectManager.RegisterCallBack=
ProjectManager.StackSize=0x1000
ProjectManager.TargetToolchain=CMake
ProjectManager.ToolChainLocation=
ProjectManager.UAScriptAfterPath=
ProjectManager.UAScriptBeforePath=
ProjectManager.UnderRoot=false
ProjectManager.functionlistsort=1-SystemClock_Config-RCC-false-HAL-false,2-MX_GPIO_Init-GPIO-false-HAL-true,3-MX_I2C1_SMBUS_Init-I2C1-false-HAL-true,4-MX_USART3_UART_Init-USART3-false-HAL-true,0-MX_CORTEX_M7_Init-CORTEX_M7-false-HAL-true
RCC.ADCFreq_Value=16125000
RCC.AHB12Freq_Value=240000000
RCC.AHB4Freq_Value=240000000
RCC.APB1Freq_Value=120000000
RCC.APB2Freq_Value=120000000
RCC.APB3Freq_Value=120000000
RCC.APB4Freq_Value=120000000
RCC.AXIClockFreq_Value=240000000
RCC.CECFreq_Value=32000
RCC.CKPERFreq_Value=64000000
RCC.CortexFreq_Value=480000000
RCC.CpuClockFreq_Value=480000000
RCC.D1CPREFreq_Value=480000000
RCC.D1PPRE=RCC_APB3_DIV2
RCC.D2PPRE1=RCC_APB1_DIV2
RCC.D2PPRE2=RCC_APB2_DIV2
RCC.D3PPRE=RCC_APB4_DIV2
RCC.DFSDMACLkFreq_Value=480000000
RCC.DFSDMFreq_Value=120000000
RCC.DIVM1=1
RCC.DIVN1=120
RCC.DIVP1Freq_Value=480000000
RCC.DIVP2Freq_Value=16125000
RCC.DIVP3Freq_Value=16125000
RCC.DIVQ1Freq_Value=480000000
RCC.DIVQ2Freq_Value=16125000
RCC.DIVQ3Freq_Value=16125000
RCC.DIVR1Freq_Value=480000000
RCC.DIVR2Freq_Value=16125000
RCC.DIVR3Freq_Value=16125000
RCC.FDCANFreq_Value=480000000
RCC.FMCFreq_Value=240000000
RCC.FamilyName=M
RCC.HCLK3ClockFreq_Value=240000000
RCC.HCLKFreq_Value=240000000
RCC.HPRE=RCC_HCLK_DIV2
RCC.HRTIMFreq_Value=240000000
RCC.HSE_VALUE=8000000
RCC.I2C123Freq_Value=120000000
RCC.I2C4Freq_Value=120000000
RCC.IPParameters=ADCFreq_Value,AHB12Freq_Value,AHB4Freq_Value,APB1Freq_Value,APB2Freq_Value,APB3Freq_Value,APB4Freq_Value,AXIClockFreq_Value,CECFreq_Value,CKPERFreq_Value,CortexFreq_Value,CpuClockFreq_Value,D1CPREFreq_Value,D1PPRE,D2PPRE1,D2PPRE2,D3PPRE,DFSDMACLkFreq_Value,DFSDMFreq_Value,DIVM1,DIVN1,DIVP1Freq_Value,DIVP2Freq_Value,DIVP3Freq_Value,DIVQ1Freq_Value,DIVQ2Freq_Value,DIVQ3Freq_Value,DIVR1Freq_Value,DIVR2Freq_Value,DIVR3Freq_Value,FDCANFreq_Value,FMCFreq_Value,FamilyName,HCLK3ClockFreq_Value,HCLKFreq_Value,HPRE,HRTIMFreq_Value,HSE_VALUE,I2C123Freq_Value,I2C4Freq_Value,LPTIM1Freq_Value,LPTIM2Freq_Value,LPTIM345Freq_Value,LPUART1Freq_Value,LTDCFreq_Value,MCO1PinFreq_Value,MCO2PinFreq_Value,PLLFRACN,PLLSourceVirtual,QSPIFreq_Value,RNGFreq_Value,RTCFreq_Value,SAI1Freq_Value,SAI23Freq_Value,SAI4AFreq_Value,SAI4BFreq_Value,SDMMCFreq_Value,SPDIFRXFreq_Value,SPI123Freq_Value,SPI45Freq_Value,SPI6Freq_Value,SWPMI1Freq_Value,SYSCLKFreq_VALUE,SYSCLKSource,Tim1OutputFreq_Value,Tim2OutputFreq_Value,TraceFreq_Value,USART16Freq_Value,USART234578Freq_Value,USBFreq_Value,VCO1OutputFreq_Value,VCO2OutputFreq_Value,VCO3OutputFreq_Value,VCOInput1Freq_Value,VCOInput2Freq_Value,VCOInput3Freq_Value
RCC.LPTIM1Freq_Value=120000000
RCC.LPTIM2Freq_Value=120000000
RCC.LPTIM345Freq_Value=120000000
RCC.LPUART1Freq_Value=120000000
RCC.LTDCFreq_Value=16125000
RCC.MCO1PinFreq_Value=64000000
RCC.MCO2PinFreq_Value=480000000
RCC.PLLFRACN=0
RCC.PLLSourceVirtual=RCC_PLLSOURCE_HSE
RCC.QSPIFreq_Value=240000000
RCC.RNGFreq_Value=48000000
RCC.RTCFreq_Value=32000
RCC.SAI1Freq_Value=480000000
RCC.SAI23Freq_Value=480000000
RCC.SAI4AFreq_Value=480000000
RCC.SAI4BFreq_Value=480000000
RCC.SDMMCFreq_Value=480000000
RCC.SPDIFRXFreq_Value=480000000
RCC.SPI123Freq_Value=480000000
RCC.SPI45Freq_Value=120000000
RCC.SPI6Freq_Value=120000000
RCC.SWPMI1Freq_Value=120000000
RCC.SYSCLKFreq_VALUE=480000000
RCC.SYSCLKSource=RCC_SYSCLKSOURCE_PLLCLK
RCC.Tim1OutputFreq_Value=240000000
RCC.Tim2OutputFreq_Value=240000000
RCC.TraceFreq_Value=64000000
RCC.USART16Freq_Value=120000000
RCC.USART234578Freq_Value=120000000
RCC.USBFreq_Value=480000000
RCC.VCO1OutputFreq_Value=960000000
RCC.VCO2OutputFreq_Value=32250000
RCC.VCO3OutputFreq_Value=32250000
RCC.VCOInput1Freq_Value=8000000
RCC.VCOInput2Freq_Value=250000
RCC.VCOInput3Freq_Value=250000
USART3.BaudRate=921600
USART3.IPParameters=VirtualMode-Asynchronous,BaudRate
USART3.VirtualMode-Asynchronous=VM_ASYNC
VP_FREERTOS_VS_CMSIS_V2.Mode=CMSIS_V2
VP_FREERTOS_VS_CMSIS_V2.Signal=FREERTOS_VS_CMSIS_V2
VP_MEMORYMAP_VS_MEMORYMAP.Mode=CurAppReg
VP_MEMORYMAP_VS_MEMORYMAP.Signal=MEMORYMAP_VS_MEMORYMAP
VP_SYS_VS_Systick.Mode=SysTick
VP_SYS_VS_Systick.Signal=SYS_VS_Systick
board=custom
rtos.0.ip=FREERTOS
